github.com/draffensperger/golp v0.0.0-20241201023928-94a60bf898d2 h1:y10u52tZ6hYiCjExVmaE8fnkhxrCpiTZvNZc7ZIfQgo=
github.com/draffensperger/golp v0.0.0-20241201023928-94a60bf898d2/go.mod h1:/TbDI9zua4CTUs81AOyDxnKAuvXX/SmOjonijHadP+k=
gonum.org/v1/gonum v0.15.1 h1:FNy7N6OUZVUaWG9pTiD+jlhdQ3lMP+/LcTpJ6+a8sQ0=
gonum.org/v1/gonum v0.15.1/go.mod h1:eZTZuRFrzu5pcyjN5wJhcIhnUdNijYxX1T2IcrOGY0o=
